
Microsoft Visual Studio Solution File, Format Version 12.00
Project("{FAE04EC0-301F-11D3-BF4B-00C04F79EFBC}") = "ESVBible.Api", "src\ESVBible.Api\ESVBible.Api.csproj", "{681CC89C-7BB1-4851-AB65-273CD6F2FF54}"
EndProject
Project("{2150E333-8FDC-42A3-9474-1A3956D46DE8}") = "src", "src", "{AE3FAC59-84F8-4D54-A0A2-A8DC8A74248E}"
EndProject
Project("{FAE04EC0-301F-11D3-BF4B-00C04F79EFBC}") = "ESVBible.Data", "src\ESVBible.Data\ESVBible.Data.csproj", "{607F6E8A-6B46-4397-8DC7-9424D5E9B2C8}"
EndProject
Project("{2150E333-8FDC-42A3-9474-1A3956D46DE8}") = "01_API", "01_API", "{2ACD59E9-699D-447D-A7B5-F6511485CEDF}"
EndProject
Project("{2150E333-8FDC-42A3-9474-1A3956D46DE8}") = "02_Read", "02_Read", "{C2BD5D6F-8806-4075-B572-7D97F5A2B0C6}"
EndProject
Project("{2150E333-8FDC-42A3-9474-1A3956D46DE8}") = "03_Data", "03_Data", "{6BC9409C-02AE-4B00-B154-6CF8DC85DE8B}"
EndProject
Project("{FAE04EC0-301F-11D3-BF4B-00C04F79EFBC}") = "ESVBible.Read.Query", "src\ESVBible.Read.Query\ESVBible.Read.Query.csproj", "{3429DF7A-7FD4-4F80-B337-859C667A0DEA}"
EndProject
Project("{FAE04EC0-301F-11D3-BF4B-00C04F79EFBC}") = "ESVBible.Read.Query.Handler", "src\ESVBible.Read.Query.Handler\ESVBible.Read.Query.Handler.csproj", "{EBAABF7A-9968-4930-994D-EFB75D1B5CBC}"
EndProject
Project("{FAE04EC0-301F-11D3-BF4B-00C04F79EFBC}") = "ESVBible.Read.Query.Mapping", "src\ESVBible.Read.Query.Mapping\ESVBible.Read.Query.Mapping.csproj", "{5079BE7E-59AD-4F5D-A08C-C6B1B2A39CDB}"
EndProject
Project("{FAE04EC0-301F-11D3-BF4B-00C04F79EFBC}") = "ESVBible.Read.Query.Transport", "src\ESVBible.Read.Query.Transport\ESVBible.Read.Query.Transport.csproj", "{5E114363-FF81-46FA-966C-1846246C9EA9}"
EndProject
Project("{2150E333-8FDC-42A3-9474-1A3956D46DE8}") = "04_Shared", "04_Shared", "{E628A554-9271-460B-AC1F-5A57645AFD66}"
EndProject
Project("{FAE04EC0-301F-11D3-BF4B-00C04F79EFBC}") = "ESVBible.Shared", "src\ESVBible.Shared\ESVBible.Shared.csproj", "{32F8BA64-0138-49A5-8014-742823C99981}"
EndProject
Project("{FAE04EC0-301F-11D3-BF4B-00C04F79EFBC}") = "ESVBible.Shared.Enum", "src\ESVBible.Shared.Enum\ESVBible.Shared.Enum.csproj", "{8E5097A2-2F56-4845-BC14-1A4165F3C8E2}"
EndProject
Project("{FAE04EC0-301F-11D3-BF4B-00C04F79EFBC}") = "ESVBible.Shared.Infrastructure", "src\ESVBible.Shared.Infrastructure\ESVBible.Shared.Infrastructure.csproj", "{06722EBE-8890-4E3B-8B1E-31380636161A}"
EndProject
Project("{2150E333-8FDC-42A3-9474-1A3956D46DE8}") = "tests", "tests", "{515A8D92-07BA-4D6E-95AA-3528559E5A3B}"
EndProject
Project("{FAE04EC0-301F-11D3-BF4B-00C04F79EFBC}") = "EsvBible.Read.Query.Handler.Tests", "tests\EsvBible.Read.Query.Handler.Tests\EsvBible.Read.Query.Handler.Tests.csproj", "{08CEABB7-7983-4236-9364-5A5377FDEE02}"
EndProject
Project("{FAE04EC0-301F-11D3-BF4B-00C04F79EFBC}") = "EsvBible.Read.Query.Mapping.Tests", "tests\EsvBible.Read.Query.Mapping.Tests\EsvBible.Read.Query.Mapping.Tests.csproj", "{884188BE-9764-4E98-BACB-CD85213360A2}"
EndProject
Project("{FAE04EC0-301F-11D3-BF4B-00C04F79EFBC}") = "EsvBible.TestCore", "tests\EsvBible.TestCore\EsvBible.TestCore.csproj", "{AE9B8576-F7C6-424B-9BBE-F396296AE7C4}"
EndProject
Global
	GlobalSection(SolutionConfigurationPlatforms) = preSolution
		Debug|Any CPU = Debug|Any CPU
		Release|Any CPU = Release|Any CPU
	EndGlobalSection
	GlobalSection(ProjectConfigurationPlatforms) = postSolution
		{681CC89C-7BB1-4851-AB65-273CD6F2FF54}.Debug|Any CPU.ActiveCfg = Debug|Any CPU
		{681CC89C-7BB1-4851-AB65-273CD6F2FF54}.Debug|Any CPU.Build.0 = Debug|Any CPU
		{681CC89C-7BB1-4851-AB65-273CD6F2FF54}.Release|Any CPU.ActiveCfg = Release|Any CPU
		{681CC89C-7BB1-4851-AB65-273CD6F2FF54}.Release|Any CPU.Build.0 = Release|Any CPU
		{607F6E8A-6B46-4397-8DC7-9424D5E9B2C8}.Debug|Any CPU.ActiveCfg = Debug|Any CPU
		{607F6E8A-6B46-4397-8DC7-9424D5E9B2C8}.Debug|Any CPU.Build.0 = Debug|Any CPU
		{607F6E8A-6B46-4397-8DC7-9424D5E9B2C8}.Release|Any CPU.ActiveCfg = Release|Any CPU
		{607F6E8A-6B46-4397-8DC7-9424D5E9B2C8}.Release|Any CPU.Build.0 = Release|Any CPU
		{3429DF7A-7FD4-4F80-B337-859C667A0DEA}.Debug|Any CPU.ActiveCfg = Debug|Any CPU
		{3429DF7A-7FD4-4F80-B337-859C667A0DEA}.Debug|Any CPU.Build.0 = Debug|Any CPU
		{3429DF7A-7FD4-4F80-B337-859C667A0DEA}.Release|Any CPU.ActiveCfg = Release|Any CPU
		{3429DF7A-7FD4-4F80-B337-859C667A0DEA}.Release|Any CPU.Build.0 = Release|Any CPU
		{EBAABF7A-9968-4930-994D-EFB75D1B5CBC}.Debug|Any CPU.ActiveCfg = Debug|Any CPU
		{EBAABF7A-9968-4930-994D-EFB75D1B5CBC}.Debug|Any CPU.Build.0 = Debug|Any CPU
		{EBAABF7A-9968-4930-994D-EFB75D1B5CBC}.Release|Any CPU.ActiveCfg = Release|Any CPU
		{EBAABF7A-9968-4930-994D-EFB75D1B5CBC}.Release|Any CPU.Build.0 = Release|Any CPU
		{5079BE7E-59AD-4F5D-A08C-C6B1B2A39CDB}.Debug|Any CPU.ActiveCfg = Debug|Any CPU
		{5079BE7E-59AD-4F5D-A08C-C6B1B2A39CDB}.Debug|Any CPU.Build.0 = Debug|Any CPU
		{5079BE7E-59AD-4F5D-A08C-C6B1B2A39CDB}.Release|Any CPU.ActiveCfg = Release|Any CPU
		{5079BE7E-59AD-4F5D-A08C-C6B1B2A39CDB}.Release|Any CPU.Build.0 = Release|Any CPU
		{5E114363-FF81-46FA-966C-1846246C9EA9}.Debug|Any CPU.ActiveCfg = Debug|Any CPU
		{5E114363-FF81-46FA-966C-1846246C9EA9}.Debug|Any CPU.Build.0 = Debug|Any CPU
		{5E114363-FF81-46FA-966C-1846246C9EA9}.Release|Any CPU.ActiveCfg = Release|Any CPU
		{5E114363-FF81-46FA-966C-1846246C9EA9}.Release|Any CPU.Build.0 = Release|Any CPU
		{32F8BA64-0138-49A5-8014-742823C99981}.Debug|Any CPU.ActiveCfg = Debug|Any CPU
		{32F8BA64-0138-49A5-8014-742823C99981}.Debug|Any CPU.Build.0 = Debug|Any CPU
		{32F8BA64-0138-49A5-8014-742823C99981}.Release|Any CPU.ActiveCfg = Release|Any CPU
		{32F8BA64-0138-49A5-8014-742823C99981}.Release|Any CPU.Build.0 = Release|Any CPU
		{8E5097A2-2F56-4845-BC14-1A4165F3C8E2}.Debug|Any CPU.ActiveCfg = Debug|Any CPU
		{8E5097A2-2F56-4845-BC14-1A4165F3C8E2}.Debug|Any CPU.Build.0 = Debug|Any CPU
		{8E5097A2-2F56-4845-BC14-1A4165F3C8E2}.Release|Any CPU.ActiveCfg = Release|Any CPU
		{8E5097A2-2F56-4845-BC14-1A4165F3C8E2}.Release|Any CPU.Build.0 = Release|Any CPU
		{06722EBE-8890-4E3B-8B1E-31380636161A}.Debug|Any CPU.ActiveCfg = Debug|Any CPU
		{06722EBE-8890-4E3B-8B1E-31380636161A}.Debug|Any CPU.Build.0 = Debug|Any CPU
		{06722EBE-8890-4E3B-8B1E-31380636161A}.Release|Any CPU.ActiveCfg = Release|Any CPU
		{06722EBE-8890-4E3B-8B1E-31380636161A}.Release|Any CPU.Build.0 = Release|Any CPU
		{08CEABB7-7983-4236-9364-5A5377FDEE02}.Debug|Any CPU.ActiveCfg = Debug|Any CPU
		{08CEABB7-7983-4236-9364-5A5377FDEE02}.Debug|Any CPU.Build.0 = Debug|Any CPU
		{08CEABB7-7983-4236-9364-5A5377FDEE02}.Release|Any CPU.ActiveCfg = Release|Any CPU
		{08CEABB7-7983-4236-9364-5A5377FDEE02}.Release|Any CPU.Build.0 = Release|Any CPU
		{884188BE-9764-4E98-BACB-CD85213360A2}.Debug|Any CPU.ActiveCfg = Debug|Any CPU
		{884188BE-9764-4E98-BACB-CD85213360A2}.Debug|Any CPU.Build.0 = Debug|Any CPU
		{884188BE-9764-4E98-BACB-CD85213360A2}.Release|Any CPU.ActiveCfg = Release|Any CPU
		{884188BE-9764-4E98-BACB-CD85213360A2}.Release|Any CPU.Build.0 = Release|Any CPU
		{AE9B8576-F7C6-424B-9BBE-F396296AE7C4}.Debug|Any CPU.ActiveCfg = Debug|Any CPU
		{AE9B8576-F7C6-424B-9BBE-F396296AE7C4}.Debug|Any CPU.Build.0 = Debug|Any CPU
		{AE9B8576-F7C6-424B-9BBE-F396296AE7C4}.Release|Any CPU.ActiveCfg = Release|Any CPU
		{AE9B8576-F7C6-424B-9BBE-F396296AE7C4}.Release|Any CPU.Build.0 = Release|Any CPU
	EndGlobalSection
	GlobalSection(NestedProjects) = preSolution
		{2ACD59E9-699D-447D-A7B5-F6511485CEDF} = {AE3FAC59-84F8-4D54-A0A2-A8DC8A74248E}
		{681CC89C-7BB1-4851-AB65-273CD6F2FF54} = {2ACD59E9-699D-447D-A7B5-F6511485CEDF}
		{C2BD5D6F-8806-4075-B572-7D97F5A2B0C6} = {AE3FAC59-84F8-4D54-A0A2-A8DC8A74248E}
		{6BC9409C-02AE-4B00-B154-6CF8DC85DE8B} = {AE3FAC59-84F8-4D54-A0A2-A8DC8A74248E}
		{607F6E8A-6B46-4397-8DC7-9424D5E9B2C8} = {6BC9409C-02AE-4B00-B154-6CF8DC85DE8B}
		{3429DF7A-7FD4-4F80-B337-859C667A0DEA} = {C2BD5D6F-8806-4075-B572-7D97F5A2B0C6}
		{EBAABF7A-9968-4930-994D-EFB75D1B5CBC} = {C2BD5D6F-8806-4075-B572-7D97F5A2B0C6}
		{5079BE7E-59AD-4F5D-A08C-C6B1B2A39CDB} = {C2BD5D6F-8806-4075-B572-7D97F5A2B0C6}
		{5E114363-FF81-46FA-966C-1846246C9EA9} = {C2BD5D6F-8806-4075-B572-7D97F5A2B0C6}
		{E628A554-9271-460B-AC1F-5A57645AFD66} = {AE3FAC59-84F8-4D54-A0A2-A8DC8A74248E}
		{32F8BA64-0138-49A5-8014-742823C99981} = {E628A554-9271-460B-AC1F-5A57645AFD66}
		{8E5097A2-2F56-4845-BC14-1A4165F3C8E2} = {E628A554-9271-460B-AC1F-5A57645AFD66}
		{06722EBE-8890-4E3B-8B1E-31380636161A} = {E628A554-9271-460B-AC1F-5A57645AFD66}
		{08CEABB7-7983-4236-9364-5A5377FDEE02} = {515A8D92-07BA-4D6E-95AA-3528559E5A3B}
		{884188BE-9764-4E98-BACB-CD85213360A2} = {515A8D92-07BA-4D6E-95AA-3528559E5A3B}
		{AE9B8576-F7C6-424B-9BBE-F396296AE7C4} = {515A8D92-07BA-4D6E-95AA-3528559E5A3B}
	EndGlobalSection
EndGlobal
